
Microsoft Visual Studio Solution File, Format Version 12.00
# Visual Studio Version 17
VisualStudioVersion = 17.1.32421.90
MinimumVisualStudioVersion = 10.0.40219.1
Project("{8BC9CEB8-8B4A-11D0-8D11-00A0C91BC942}") = "AdventOfCode2022-Day3", "AdventOfCode2022-Day3\AdventOfCode2022-Day3.vcxproj", "{36E18FEB-E0EE-48EF-A30A-5C828BCCA16E}"
EndProject
Project("{8BC9CEB8-8B4A-11D0-8D11-00A0C91BC942}") = "AdventOfCode2022-Day5", "AdventOfCode2022-Day5\AdventOfCode2022-Day5.vcxproj", "{533B340C-EB63-4E71-912D-6696B4A4AF36}"
EndProject
Project("{8BC9CEB8-8B4A-11D0-8D11-00A0C91BC942}") = "AdventOfCode2022-Day6", "AdventOfCode2022-Day6\AdventOfCode2022-Day6.vcxproj", "{DCB9A790-BC69-4BFE-9D6D-41FB56E6B23F}"
EndProject
Project("{8BC9CEB8-8B4A-11D0-8D11-00A0C91BC942}") = "AdventOfCode2022-Day7", "AdventOfCode2022-Day7\AdventOfCode2022-Day7.vcxproj", "{993A2A98-4A2A-48B2-AB09-8DE4F4843C76}"
EndProject
Project("{8BC9CEB8-8B4A-11D0-8D11-00A0C91BC942}") = "AdventOfCode2022-Day8", "AdventOfCode2022-Day8\AdventOfCode2022-Day8.vcxproj", "{AF34753D-FD1D-4EF9-8D23-0578AD89C03E}"
EndProject
Project("{8BC9CEB8-8B4A-11D0-8D11-00A0C91BC942}") = "AdventOfCode2022-Day9", "AdventOfCode2022-Day9\AdventOfCode2022-Day9.vcxproj", "{5EEB57C9-6B5A-4E04-8FFC-C9DCD7895799}"
EndProject
Project("{8BC9CEB8-8B4A-11D0-8D11-00A0C91BC942}") = "AdventOfCode2022-Day11", "AdventOfCode2022-Day11\AdventOfCode2022-Day11.vcxproj", "{C3FA48AE-5153-40A3-A1A9-26D4254DBB69}"
EndProject
Project("{8BC9CEB8-8B4A-11D0-8D11-00A0C91BC942}") = "AdventOfCode2022-Day12", "AdventOfCode2022-Day12\AdventOfCode2022-Day12.vcxproj", "{100C5730-64F8-4719-84B4-B881BFFE619C}"
EndProject
Project("{8BC9CEB8-8B4A-11D0-8D11-00A0C91BC942}") = "AdventOfCode2022-Day13", "AdventOfCode2022-Day13\AdventOfCode2022-Day13.vcxproj", "{007E56EC-FB2D-4F0A-9D3F-D49948071D61}"
EndProject
Project("{8BC9CEB8-8B4A-11D0-8D11-00A0C91BC942}") = "AdventOfCode2022-Day14", "AdventOfCode2022-Day14\AdventOfCode2022-Day14.vcxproj", "{1683ED87-FD40-454F-BA88-04345D2946E9}"
EndProject
Project("{8BC9CEB8-8B4A-11D0-8D11-00A0C91BC942}") = "AdventOfCode2022-Day15", "AdventOfCode2022-Day15\AdventOfCode2022-Day15.vcxproj", "{242B60CB-DC60-4AA2-93DD-5F9CBF6A7494}"
EndProject
Project("{8BC9CEB8-8B4A-11D0-8D11-00A0C91BC942}") = "AdventOfCode2022-Day16", "AdventOfCode2022-Day16\AdventOfCode2022-Day16.vcxproj", "{1C259E36-9F15-492A-A6A8-B25E7FC1795C}"
EndProject
Project("{8BC9CEB8-8B4A-11D0-8D11-00A0C91BC942}") = "AdventOfCode2022-Day17", "AdventOfCode2022-Day17\AdventOfCode2022-Day17.vcxproj", "{83C81B46-C1B6-479C-92D2-700F8F592A26}"
EndProject
Project("{8BC9CEB8-8B4A-11D0-8D11-00A0C91BC942}") = "AdventOfCode2022-Day18", "AdventOfCode2022-Day18\AdventOfCode2022-Day18.vcxproj", "{6E09E9C0-9979-4637-850E-AD2C2FD393C7}"
EndProject
Project("{8BC9CEB8-8B4A-11D0-8D11-00A0C91BC942}") = "AdventOfCode2022-Day19", "AdventOfCode2022-Day19\AdventOfCode2022-Day19.vcxproj", "{AA44786F-DF27-4BF8-A91B-A350E04852AB}"
EndProject
Project("{8BC9CEB8-8B4A-11D0-8D11-00A0C91BC942}") = "AdventOfCode2022-Day20", "AdventOfCode2022-Day20\AdventOfCode2022-Day20.vcxproj", "{3BAF22CC-FD5F-456A-ACF4-7BFB8D23009A}"
EndProject
Project("{8BC9CEB8-8B4A-11D0-8D11-00A0C91BC942}") = "AdventOfCode2022-Day21", "AdventOfCode2022-Day21\AdventOfCode2022-Day21.vcxproj", "{37998E0A-969B-4078-8A5F-D941E87B0050}"
EndProject
Project("{8BC9CEB8-8B4A-11D0-8D11-00A0C91BC942}") = "AdventOfCode2022-Day22", "AdventOfCode2022-Day22\AdventOfCode2022-Day22.vcxproj", "{7A0EE3AE-3C77-43E2-B0FC-9D7933E14627}"
EndProject
Project("{8BC9CEB8-8B4A-11D0-8D11-00A0C91BC942}") = "AdventOfCode2022-Day23", "AdventOfCode2022-Day23\AdventOfCode2022-Day23.vcxproj", "{631A3EE0-30A3-4170-8EAC-9CBE77FA27C3}"
EndProject
Project("{8BC9CEB8-8B4A-11D0-8D11-00A0C91BC942}") = "AdventOfCode2022-Day24", "AdventOfCode2022-Day24\AdventOfCode2022-Day24.vcxproj", "{07C69016-5CF0-406E-9122-BF569CC5F5D2}"
EndProject
Project("{8BC9CEB8-8B4A-11D0-8D11-00A0C91BC942}") = "AdventOfCode2022-Day25", "AdventOfCode2022-Day25\AdventOfCode2022-Day25.vcxproj", "{A9E8517F-A7B8-4EC0-B84B-F043D9D93555}"
EndProject
Project("{8BC9CEB8-8B4A-11D0-8D11-00A0C91BC942}") = "AdventOfCode2022-Day1", "AdventOfCode2022-Day1\AdventOfCode2022.vcxproj", "{B75955EE-F633-4BF4-8316-ADC607962272}"
EndProject
Project("{8BC9CEB8-8B4A-11D0-8D11-00A0C91BC942}") = "AdventOfCode2022-Day4", "AdventOfCode2022-Day4\AdventOfCode2022-Day4.vcxproj", "{74E566C7-4B6E-4860-94AA-D1E2636AE121}"
EndProject
Project("{8BC9CEB8-8B4A-11D0-8D11-00A0C91BC942}") = "AdventOfCode2022-Day2", "AdventOfCode2022-Day2\AdventOfCode2022-Day2.vcxproj", "{7C6F8C3D-E4B0-45E8-84B3-CA5C42AE4A32}"
EndProject
Project("{8BC9CEB8-8B4A-11D0-8D11-00A0C91BC942}") = "AdventOfCode2022-Day10", "AdventOfCode2022-Day10\AdventOfCode2022-Day10.vcxproj", "{7A16C5E5-BAB4-46E6-B2A7-53633C5F9AF9}"
EndProject
Global
	GlobalSection(SolutionConfigurationPlatforms) = preSolution
		Debug|Any CPU = Debug|Any CPU
		Debug|x64 = Debug|x64
		Debug|x86 = Debug|x86
		Release|Any CPU = Release|Any CPU
		Release|x64 = Release|x64
		Release|x86 = Release|x86
	EndGlobalSection
	GlobalSection(ProjectConfigurationPlatforms) = postSolution
		{36E18FEB-E0EE-48EF-A30A-5C828BCCA16E}.Debug|Any CPU.ActiveCfg = Debug|x64
		{36E18FEB-E0EE-48EF-A30A-5C828BCCA16E}.Debug|Any CPU.Build.0 = Debug|x64
		{36E18FEB-E0EE-48EF-A30A-5C828BCCA16E}.Debug|x64.ActiveCfg = Debug|x64
		{36E18FEB-E0EE-48EF-A30A-5C828BCCA16E}.Debug|x64.Build.0 = Debug|x64
		{36E18FEB-E0EE-48EF-A30A-5C828BCCA16E}.Debug|x86.ActiveCfg = Debug|Win32
		{36E18FEB-E0EE-48EF-A30A-5C828BCCA16E}.Debug|x86.Build.0 = Debug|Win32
		{36E18FEB-E0EE-48EF-A30A-5C828BCCA16E}.Release|Any CPU.ActiveCfg = Release|x64
		{36E18FEB-E0EE-48EF-A30A-5C828BCCA16E}.Release|Any CPU.Build.0 = Release|x64
		{36E18FEB-E0EE-48EF-A30A-5C828BCCA16E}.Release|x64.ActiveCfg = Release|x64
		{36E18FEB-E0EE-48EF-A30A-5C828BCCA16E}.Release|x64.Build.0 = Release|x64
		{36E18FEB-E0EE-48EF-A30A-5C828BCCA16E}.Release|x86.ActiveCfg = Release|Win32
		{36E18FEB-E0EE-48EF-A30A-5C828BCCA16E}.Release|x86.Build.0 = Release|Win32
		{533B340C-EB63-4E71-912D-6696B4A4AF36}.Debug|Any CPU.ActiveCfg = Debug|x64
		{533B340C-EB63-4E71-912D-6696B4A4AF36}.Debug|Any CPU.Build.0 = Debug|x64
		{533B340C-EB63-4E71-912D-6696B4A4AF36}.Debug|x64.ActiveCfg = Debug|x64
		{533B340C-EB63-4E71-912D-6696B4A4AF36}.Debug|x64.Build.0 = Debug|x64
		{533B340C-EB63-4E71-912D-6696B4A4AF36}.Debug|x86.ActiveCfg = Debug|Win32
		{533B340C-EB63-4E71-912D-6696B4A4AF36}.Debug|x86.Build.0 = Debug|Win32
		{533B340C-EB63-4E71-912D-6696B4A4AF36}.Release|Any CPU.ActiveCfg = Release|x64
		{533B340C-EB63-4E71-912D-6696B4A4AF36}.Release|Any CPU.Build.0 = Release|x64
		{533B340C-EB63-4E71-912D-6696B4A4AF36}.Release|x64.ActiveCfg = Release|x64
		{533B340C-EB63-4E71-912D-6696B4A4AF36}.Release|x64.Build.0 = Release|x64
		{533B340C-EB63-4E71-912D-6696B4A4AF36}.Release|x86.ActiveCfg = Release|Win32
		{533B340C-EB63-4E71-912D-6696B4A4AF36}.Release|x86.Build.0 = Release|Win32
		{DCB9A790-BC69-4BFE-9D6D-41FB56E6B23F}.Debug|Any CPU.ActiveCfg = Debug|x64
		{DCB9A790-BC69-4BFE-9D6D-41FB56E6B23F}.Debug|Any CPU.Build.0 = Debug|x64
		{DCB9A790-BC69-4BFE-9D6D-41FB56E6B23F}.Debug|x64.ActiveCfg = Debug|x64
		{DCB9A790-BC69-4BFE-9D6D-41FB56E6B23F}.Debug|x64.Build.0 = Debug|x64
		{DCB9A790-BC69-4BFE-9D6D-41FB56E6B23F}.Debug|x86.ActiveCfg = Debug|Win32
		{DCB9A790-BC69-4BFE-9D6D-41FB56E6B23F}.Debug|x86.Build.0 = Debug|Win32
		{DCB9A790-BC69-4BFE-9D6D-41FB56E6B23F}.Release|Any CPU.ActiveCfg = Release|x64
		{DCB9A790-BC69-4BFE-9D6D-41FB56E6B23F}.Release|Any CPU.Build.0 = Release|x64
		{DCB9A790-BC69-4BFE-9D6D-41FB56E6B23F}.Release|x64.ActiveCfg = Release|x64
		{DCB9A790-BC69-4BFE-9D6D-41FB56E6B23F}.Release|x64.Build.0 = Release|x64
		{DCB9A790-BC69-4BFE-9D6D-41FB56E6B23F}.Release|x86.ActiveCfg = Release|Win32
		{DCB9A790-BC69-4BFE-9D6D-41FB56E6B23F}.Release|x86.Build.0 = Release|Win32
		{993A2A98-4A2A-48B2-AB09-8DE4F4843C76}.Debug|Any CPU.ActiveCfg = Debug|x64
		{993A2A98-4A2A-48B2-AB09-8DE4F4843C76}.Debug|Any CPU.Build.0 = Debug|x64
		{993A2A98-4A2A-48B2-AB09-8DE4F4843C76}.Debug|x64.ActiveCfg = Debug|x64
		{993A2A98-4A2A-48B2-AB09-8DE4F4843C76}.Debug|x64.Build.0 = Debug|x64
		{993A2A98-4A2A-48B2-AB09-8DE4F4843C76}.Debug|x86.ActiveCfg = Debug|Win32
		{993A2A98-4A2A-48B2-AB09-8DE4F4843C76}.Debug|x86.Build.0 = Debug|Win32
		{993A2A98-4A2A-48B2-AB09-8DE4F4843C76}.Release|Any CPU.ActiveCfg = Release|x64
		{993A2A98-4A2A-48B2-AB09-8DE4F4843C76}.Release|Any CPU.Build.0 = Release|x64
		{993A2A98-4A2A-48B2-AB09-8DE4F4843C76}.Release|x64.ActiveCfg = Release|x64
		{993A2A98-4A2A-48B2-AB09-8DE4F4843C76}.Release|x64.Build.0 = Release|x64
		{993A2A98-4A2A-48B2-AB09-8DE4F4843C76}.Release|x86.ActiveCfg = Release|Win32
		{993A2A98-4A2A-48B2-AB09-8DE4F4843C76}.Release|x86.Build.0 = Release|Win32
		{AF34753D-FD1D-4EF9-8D23-0578AD89C03E}.Debug|Any CPU.ActiveCfg = Debug|x64
		{AF34753D-FD1D-4EF9-8D23-0578AD89C03E}.Debug|Any CPU.Build.0 = Debug|x64
		{AF34753D-FD1D-4EF9-8D23-0578AD89C03E}.Debug|x64.ActiveCfg = Debug|x64
		{AF34753D-FD1D-4EF9-8D23-0578AD89C03E}.Debug|x64.Build.0 = Debug|x64
		{AF34753D-FD1D-4EF9-8D23-0578AD89C03E}.Debug|x86.ActiveCfg = Debug|Win32
		{AF34753D-FD1D-4EF9-8D23-0578AD89C03E}.Debug|x86.Build.0 = Debug|Win32
		{AF34753D-FD1D-4EF9-8D23-0578AD89C03E}.Release|Any CPU.ActiveCfg = Release|x64
		{AF34753D-FD1D-4EF9-8D23-0578AD89C03E}.Release|Any CPU.Build.0 = Release|x64
		{AF34753D-FD1D-4EF9-8D23-0578AD89C03E}.Release|x64.ActiveCfg = Release|x64
		{AF34753D-FD1D-4EF9-8D23-0578AD89C03E}.Release|x64.Build.0 = Release|x64
		{AF34753D-FD1D-4EF9-8D23-0578AD89C03E}.Release|x86.ActiveCfg = Release|Win32
		{AF34753D-FD1D-4EF9-8D23-0578AD89C03E}.Release|x86.Build.0 = Release|Win32
		{5EEB57C9-6B5A-4E04-8FFC-C9DCD7895799}.Debug|Any CPU.ActiveCfg = Debug|x64
		{5EEB57C9-6B5A-4E04-8FFC-C9DCD7895799}.Debug|Any CPU.Build.0 = Debug|x64
		{5EEB57C9-6B5A-4E04-8FFC-C9DCD7895799}.Debug|x64.ActiveCfg = Debug|x64
		{5EEB57C9-6B5A-4E04-8FFC-C9DCD7895799}.Debug|x64.Build.0 = Debug|x64
		{5EEB57C9-6B5A-4E04-8FFC-C9DCD7895799}.Debug|x86.ActiveCfg = Debug|Win32
		{5EEB57C9-6B5A-4E04-8FFC-C9DCD7895799}.Debug|x86.Build.0 = Debug|Win32
		{5EEB57C9-6B5A-4E04-8FFC-C9DCD7895799}.Release|Any CPU.ActiveCfg = Release|x64
		{5EEB57C9-6B5A-4E04-8FFC-C9DCD7895799}.Release|Any CPU.Build.0 = Release|x64
		{5EEB57C9-6B5A-4E04-8FFC-C9DCD7895799}.Release|x64.ActiveCfg = Release|x64
		{5EEB57C9-6B5A-4E04-8FFC-C9DCD7895799}.Release|x64.Build.0 = Release|x64
		{5EEB57C9-6B5A-4E04-8FFC-C9DCD7895799}.Release|x86.ActiveCfg = Release|Win32
		{5EEB57C9-6B5A-4E04-8FFC-C9DCD7895799}.Release|x86.Build.0 = Release|Win32
		{C3FA48AE-5153-40A3-A1A9-26D4254DBB69}.Debug|Any CPU.ActiveCfg = Debug|x64
		{C3FA48AE-5153-40A3-A1A9-26D4254DBB69}.Debug|Any CPU.Build.0 = Debug|x64
		{C3FA48AE-5153-40A3-A1A9-26D4254DBB69}.Debug|x64.ActiveCfg = Debug|x64
		{C3FA48AE-5153-40A3-A1A9-26D4254DBB69}.Debug|x64.Build.0 = Debug|x64
		{C3FA48AE-5153-40A3-A1A9-26D4254DBB69}.Debug|x86.ActiveCfg = Debug|Win32
		{C3FA48AE-5153-40A3-A1A9-26D4254DBB69}.Debug|x86.Build.0 = Debug|Win32
		{C3FA48AE-5153-40A3-A1A9-26D4254DBB69}.Release|Any CPU.ActiveCfg = Release|x64
		{C3FA48AE-5153-40A3-A1A9-26D4254DBB69}.Release|Any CPU.Build.0 = Release|x64
		{C3FA48AE-5153-40A3-A1A9-26D4254DBB69}.Release|x64.ActiveCfg = Release|x64
		{C3FA48AE-5153-40A3-A1A9-26D4254DBB69}.Release|x64.Build.0 = Release|x64
		{C3FA48AE-5153-40A3-A1A9-26D4254DBB69}.Release|x86.ActiveCfg = Release|Win32
		{C3FA48AE-5153-40A3-A1A9-26D4254DBB69}.Release|x86.Build.0 = Release|Win32
		{100C5730-64F8-4719-84B4-B881BFFE619C}.Debug|Any CPU.ActiveCfg = Debug|x64
		{100C5730-64F8-4719-84B4-B881BFFE619C}.Debug|Any CPU.Build.0 = Debug|x64
		{100C5730-64F8-4719-84B4-B881BFFE619C}.Debug|x64.ActiveCfg = Debug|x64
		{100C5730-64F8-4719-84B4-B881BFFE619C}.Debug|x64.Build.0 = Debug|x64
		{100C5730-64F8-4719-84B4-B881BFFE619C}.Debug|x86.ActiveCfg = Debug|Win32
		{100C5730-64F8-4719-84B4-B881BFFE619C}.Debug|x86.Build.0 = Debug|Win32
		{100C5730-64F8-4719-84B4-B881BFFE619C}.Release|Any CPU.ActiveCfg = Release|x64
		{100C5730-64F8-4719-84B4-B881BFFE619C}.Release|Any CPU.Build.0 = Release|x64
		{100C5730-64F8-4719-84B4-B881BFFE619C}.Release|x64.ActiveCfg = Release|x64
		{100C5730-64F8-4719-84B4-B881BFFE619C}.Release|x64.Build.0 = Release|x64
		{100C5730-64F8-4719-84B4-B881BFFE619C}.Release|x86.ActiveCfg = Release|Win32
		{100C5730-64F8-4719-84B4-B881BFFE619C}.Release|x86.Build.0 = Release|Win32
		{007E56EC-FB2D-4F0A-9D3F-D49948071D61}.Debug|Any CPU.ActiveCfg = Debug|x64
		{007E56EC-FB2D-4F0A-9D3F-D49948071D61}.Debug|Any CPU.Build.0 = Debug|x64
		{007E56EC-FB2D-4F0A-9D3F-D49948071D61}.Debug|x64.ActiveCfg = Debug|x64
		{007E56EC-FB2D-4F0A-9D3F-D49948071D61}.Debug|x64.Build.0 = Debug|x64
		{007E56EC-FB2D-4F0A-9D3F-D49948071D61}.Debug|x86.ActiveCfg = Debug|Win32
		{007E56EC-FB2D-4F0A-9D3F-D49948071D61}.Debug|x86.Build.0 = Debug|Win32
		{007E56EC-FB2D-4F0A-9D3F-D49948071D61}.Release|Any CPU.ActiveCfg = Release|x64
		{007E56EC-FB2D-4F0A-9D3F-D49948071D61}.Release|Any CPU.Build.0 = Release|x64
		{007E56EC-FB2D-4F0A-9D3F-D49948071D61}.Release|x64.ActiveCfg = Release|x64
		{007E56EC-FB2D-4F0A-9D3F-D49948071D61}.Release|x64.Build.0 = Release|x64
		{007E56EC-FB2D-4F0A-9D3F-D49948071D61}.Release|x86.ActiveCfg = Release|Win32
		{007E56EC-FB2D-4F0A-9D3F-D49948071D61}.Release|x86.Build.0 = Release|Win32
		{1683ED87-FD40-454F-BA88-04345D2946E9}.Debug|Any CPU.ActiveCfg = Debug|x64
		{1683ED87-FD40-454F-BA88-04345D2946E9}.Debug|Any CPU.Build.0 = Debug|x64
		{1683ED87-FD40-454F-BA88-04345D2946E9}.Debug|x64.ActiveCfg = Debug|x64
		{1683ED87-FD40-454F-BA88-04345D2946E9}.Debug|x64.Build.0 = Debug|x64
		{1683ED87-FD40-454F-BA88-04345D2946E9}.Debug|x86.ActiveCfg = Debug|Win32
		{1683ED87-FD40-454F-BA88-04345D2946E9}.Debug|x86.Build.0 = Debug|Win32
		{1683ED87-FD40-454F-BA88-04345D2946E9}.Release|Any CPU.ActiveCfg = Release|x64
		{1683ED87-FD40-454F-BA88-04345D2946E9}.Release|Any CPU.Build.0 = Release|x64
		{1683ED87-FD40-454F-BA88-04345D2946E9}.Release|x64.ActiveCfg = Release|x64
		{1683ED87-FD40-454F-BA88-04345D2946E9}.Release|x64.Build.0 = Release|x64
		{1683ED87-FD40-454F-BA88-04345D2946E9}.Release|x86.ActiveCfg = Release|Win32
		{1683ED87-FD40-454F-BA88-04345D2946E9}.Release|x86.Build.0 = Release|Win32
		{242B60CB-DC60-4AA2-93DD-5F9CBF6A7494}.Debug|Any CPU.ActiveCfg = Debug|x64
		{242B60CB-DC60-4AA2-93DD-5F9CBF6A7494}.Debug|Any CPU.Build.0 = Debug|x64
		{242B60CB-DC60-4AA2-93DD-5F9CBF6A7494}.Debug|x64.ActiveCfg = Debug|x64
		{242B60CB-DC60-4AA2-93DD-5F9CBF6A7494}.Debug|x64.Build.0 = Debug|x64
		{242B60CB-DC60-4AA2-93DD-5F9CBF6A7494}.Debug|x86.ActiveCfg = Debug|Win32
		{242B60CB-DC60-4AA2-93DD-5F9CBF6A7494}.Debug|x86.Build.0 = Debug|Win32
		{242B60CB-DC60-4AA2-93DD-5F9CBF6A7494}.Release|Any CPU.ActiveCfg = Release|x64
		{242B60CB-DC60-4AA2-93DD-5F9CBF6A7494}.Release|Any CPU.Build.0 = Release|x64
		{242B60CB-DC60-4AA2-93DD-5F9CBF6A7494}.Release|x64.ActiveCfg = Release|x64
		{242B60CB-DC60-4AA2-93DD-5F9CBF6A7494}.Release|x64.Build.0 = Release|x64
		{242B60CB-DC60-4AA2-93DD-5F9CBF6A7494}.Release|x86.ActiveCfg = Release|Win32
		{242B60CB-DC60-4AA2-93DD-5F9CBF6A7494}.Release|x86.Build.0 = Release|Win32
		{1C259E36-9F15-492A-A6A8-B25E7FC1795C}.Debug|Any CPU.ActiveCfg = Debug|x64
		{1C259E36-9F15-492A-A6A8-B25E7FC1795C}.Debug|Any CPU.Build.0 = Debug|x64
		{1C259E36-9F15-492A-A6A8-B25E7FC1795C}.Debug|x64.ActiveCfg = Debug|x64
		{1C259E36-9F15-492A-A6A8-B25E7FC1795C}.Debug|x64.Build.0 = Debug|x64
		{1C259E36-9F15-492A-A6A8-B25E7FC1795C}.Debug|x86.ActiveCfg = Debug|Win32
		{1C259E36-9F15-492A-A6A8-B25E7FC1795C}.Debug|x86.Build.0 = Debug|Win32
		{1C259E36-9F15-492A-A6A8-B25E7FC1795C}.Release|Any CPU.ActiveCfg = Release|x64
		{1C259E36-9F15-492A-A6A8-B25E7FC1795C}.Release|Any CPU.Build.0 = Release|x64
		{1C259E36-9F15-492A-A6A8-B25E7FC1795C}.Release|x64.ActiveCfg = Release|x64
		{1C259E36-9F15-492A-A6A8-B25E7FC1795C}.Release|x64.Build.0 = Release|x64
		{1C259E36-9F15-492A-A6A8-B25E7FC1795C}.Release|x86.ActiveCfg = Release|Win32
		{1C259E36-9F15-492A-A6A8-B25E7FC1795C}.Release|x86.Build.0 = Release|Win32
		{83C81B46-C1B6-479C-92D2-700F8F592A26}.Debug|Any CPU.ActiveCfg = Debug|x64
		{83C81B46-C1B6-479C-92D2-700F8F592A26}.Debug|Any CPU.Build.0 = Debug|x64
		{83C81B46-C1B6-479C-92D2-700F8F592A26}.Debug|x64.ActiveCfg = Debug|x64
		{83C81B46-C1B6-479C-92D2-700F8F592A26}.Debug|x64.Build.0 = Debug|x64
		{83C81B46-C1B6-479C-92D2-700F8F592A26}.Debug|x86.ActiveCfg = Debug|Win32
		{83C81B46-C1B6-479C-92D2-700F8F592A26}.Debug|x86.Build.0 = Debug|Win32
		{83C81B46-C1B6-479C-92D2-700F8F592A26}.Release|Any CPU.ActiveCfg = Release|x64
		{83C81B46-C1B6-479C-92D2-700F8F592A26}.Release|Any CPU.Build.0 = Release|x64
		{83C81B46-C1B6-479C-92D2-700F8F592A26}.Release|x64.ActiveCfg = Release|x64
		{83C81B46-C1B6-479C-92D2-700F8F592A26}.Release|x64.Build.0 = Release|x64
		{83C81B46-C1B6-479C-92D2-700F8F592A26}.Release|x86.ActiveCfg = Release|Win32
		{83C81B46-C1B6-479C-92D2-700F8F592A26}.Release|x86.Build.0 = Release|Win32
		{6E09E9C0-9979-4637-850E-AD2C2FD393C7}.Debug|Any CPU.ActiveCfg = Debug|x64
		{6E09E9C0-9979-4637-850E-AD2C2FD393C7}.Debug|Any CPU.Build.0 = Debug|x64
		{6E09E9C0-9979-4637-850E-AD2C2FD393C7}.Debug|x64.ActiveCfg = Debug|x64
		{6E09E9C0-9979-4637-850E-AD2C2FD393C7}.Debug|x64.Build.0 = Debug|x64
		{6E09E9C0-9979-4637-850E-AD2C2FD393C7}.Debug|x86.ActiveCfg = Debug|Win32
		{6E09E9C0-9979-4637-850E-AD2C2FD393C7}.Debug|x86.Build.0 = Debug|Win32
		{6E09E9C0-9979-4637-850E-AD2C2FD393C7}.Release|Any CPU.ActiveCfg = Release|x64
		{6E09E9C0-9979-4637-850E-AD2C2FD393C7}.Release|Any CPU.Build.0 = Release|x64
		{6E09E9C0-9979-4637-850E-AD2C2FD393C7}.Release|x64.ActiveCfg = Release|x64
		{6E09E9C0-9979-4637-850E-AD2C2FD393C7}.Release|x64.Build.0 = Release|x64
		{6E09E9C0-9979-4637-850E-AD2C2FD393C7}.Release|x86.ActiveCfg = Release|Win32
		{6E09E9C0-9979-4637-850E-AD2C2FD393C7}.Release|x86.Build.0 = Release|Win32
		{AA44786F-DF27-4BF8-A91B-A350E04852AB}.Debug|Any CPU.ActiveCfg = Debug|x64
		{AA44786F-DF27-4BF8-A91B-A350E04852AB}.Debug|Any CPU.Build.0 = Debug|x64
		{AA44786F-DF27-4BF8-A91B-A350E04852AB}.Debug|x64.ActiveCfg = Debug|x64
		{AA44786F-DF27-4BF8-A91B-A350E04852AB}.Debug|x64.Build.0 = Debug|x64
		{AA44786F-DF27-4BF8-A91B-A350E04852AB}.Debug|x86.ActiveCfg = Debug|Win32
		{AA44786F-DF27-4BF8-A91B-A350E04852AB}.Debug|x86.Build.0 = Debug|Win32
		{AA44786F-DF27-4BF8-A91B-A350E04852AB}.Release|Any CPU.ActiveCfg = Release|x64
		{AA44786F-DF27-4BF8-A91B-A350E04852AB}.Release|Any CPU.Build.0 = Release|x64
		{AA44786F-DF27-4BF8-A91B-A350E04852AB}.Release|x64.ActiveCfg = Release|x64
		{AA44786F-DF27-4BF8-A91B-A350E04852AB}.Release|x64.Build.0 = Release|x64
		{AA44786F-DF27-4BF8-A91B-A350E04852AB}.Release|x86.ActiveCfg = Release|Win32
		{AA44786F-DF27-4BF8-A91B-A350E04852AB}.Release|x86.Build.0 = Release|Win32
		{3BAF22CC-FD5F-456A-ACF4-7BFB8D23009A}.Debug|Any CPU.ActiveCfg = Debug|x64
		{3BAF22CC-FD5F-456A-ACF4-7BFB8D23009A}.Debug|Any CPU.Build.0 = Debug|x64
		{3BAF22CC-FD5F-456A-ACF4-7BFB8D23009A}.Debug|x64.ActiveCfg = Debug|x64
		{3BAF22CC-FD5F-456A-ACF4-7BFB8D23009A}.Debug|x64.Build.0 = Debug|x64
		{3BAF22CC-FD5F-456A-ACF4-7BFB8D23009A}.Debug|x86.ActiveCfg = Debug|Win32
		{3BAF22CC-FD5F-456A-ACF4-7BFB8D23009A}.Debug|x86.Build.0 = Debug|Win32
		{3BAF22CC-FD5F-456A-ACF4-7BFB8D23009A}.Release|Any CPU.ActiveCfg = Release|x64
		{3BAF22CC-FD5F-456A-ACF4-7BFB8D23009A}.Release|Any CPU.Build.0 = Release|x64
		{3BAF22CC-FD5F-456A-ACF4-7BFB8D23009A}.Release|x64.ActiveCfg = Release|x64
		{3BAF22CC-FD5F-456A-ACF4-7BFB8D23009A}.Release|x64.Build.0 = Release|x64
		{3BAF22CC-FD5F-456A-ACF4-7BFB8D23009A}.Release|x86.ActiveCfg = Release|Win32
		{3BAF22CC-FD5F-456A-ACF4-7BFB8D23009A}.Release|x86.Build.0 = Release|Win32
		{37998E0A-969B-4078-8A5F-D941E87B0050}.Debug|Any CPU.ActiveCfg = Debug|x64
		{37998E0A-969B-4078-8A5F-D941E87B0050}.Debug|Any CPU.Build.0 = Debug|x64
		{37998E0A-969B-4078-8A5F-D941E87B0050}.Debug|x64.ActiveCfg = Debug|x64
		{37998E0A-969B-4078-8A5F-D941E87B0050}.Debug|x64.Build.0 = Debug|x64
		{37998E0A-969B-4078-8A5F-D941E87B0050}.Debug|x86.ActiveCfg = Debug|Win32
		{37998E0A-969B-4078-8A5F-D941E87B0050}.Debug|x86.Build.0 = Debug|Win32
		{37998E0A-969B-4078-8A5F-D941E87B0050}.Release|Any CPU.ActiveCfg = Release|x64
		{37998E0A-969B-4078-8A5F-D941E87B0050}.Release|Any CPU.Build.0 = Release|x64
		{37998E0A-969B-4078-8A5F-D941E87B0050}.Release|x64.ActiveCfg = Release|x64
		{37998E0A-969B-4078-8A5F-D941E87B0050}.Release|x64.Build.0 = Release|x64
		{37998E0A-969B-4078-8A5F-D941E87B0050}.Release|x86.ActiveCfg = Release|Win32
		{37998E0A-969B-4078-8A5F-D941E87B0050}.Release|x86.Build.0 = Release|Win32
		{7A0EE3AE-3C77-43E2-B0FC-9D7933E14627}.Debug|Any CPU.ActiveCfg = Debug|x64
		{7A0EE3AE-3C77-43E2-B0FC-9D7933E14627}.Debug|Any CPU.Build.0 = Debug|x64
		{7A0EE3AE-3C77-43E2-B0FC-9D7933E14627}.Debug|x64.ActiveCfg = Debug|x64
		{7A0EE3AE-3C77-43E2-B0FC-9D7933E14627}.Debug|x64.Build.0 = Debug|x64
		{7A0EE3AE-3C77-43E2-B0FC-9D7933E14627}.Debug|x86.ActiveCfg = Debug|Win32
		{7A0EE3AE-3C77-43E2-B0FC-9D7933E14627}.Debug|x86.Build.0 = Debug|Win32
		{7A0EE3AE-3C77-43E2-B0FC-9D7933E14627}.Release|Any CPU.ActiveCfg = Release|x64
		{7A0EE3AE-3C77-43E2-B0FC-9D7933E14627}.Release|Any CPU.Build.0 = Release|x64
		{7A0EE3AE-3C77-43E2-B0FC-9D7933E14627}.Release|x64.ActiveCfg = Release|x64
		{7A0EE3AE-3C77-43E2-B0FC-9D7933E14627}.Release|x64.Build.0 = Release|x64
		{7A0EE3AE-3C77-43E2-B0FC-9D7933E14627}.Release|x86.ActiveCfg = Release|Win32
		{7A0EE3AE-3C77-43E2-B0FC-9D7933E14627}.Release|x86.Build.0 = Release|Win32
		{631A3EE0-30A3-4170-8EAC-9CBE77FA27C3}.Debug|Any CPU.ActiveCfg = Debug|x64
		{631A3EE0-30A3-4170-8EAC-9CBE77FA27C3}.Debug|Any CPU.Build.0 = Debug|x64
		{631A3EE0-30A3-4170-8EAC-9CBE77FA27C3}.Debug|x64.ActiveCfg = Debug|x64
		{631A3EE0-30A3-4170-8EAC-9CBE77FA27C3}.Debug|x64.Build.0 = Debug|x64
		{631A3EE0-30A3-4170-8EAC-9CBE77FA27C3}.Debug|x86.ActiveCfg = Debug|Win32
		{631A3EE0-30A3-4170-8EAC-9CBE77FA27C3}.Debug|x86.Build.0 = Debug|Win32
		{631A3EE0-30A3-4170-8EAC-9CBE77FA27C3}.Release|Any CPU.ActiveCfg = Release|x64
		{631A3EE0-30A3-4170-8EAC-9CBE77FA27C3}.Release|Any CPU.Build.0 = Release|x64
		{631A3EE0-30A3-4170-8EAC-9CBE77FA27C3}.Release|x64.ActiveCfg = Release|x64
		{631A3EE0-30A3-4170-8EAC-9CBE77FA27C3}.Release|x64.Build.0 = Release|x64
		{631A3EE0-30A3-4170-8EAC-9CBE77FA27C3}.Release|x86.ActiveCfg = Release|Win32
		{631A3EE0-30A3-4170-8EAC-9CBE77FA27C3}.Release|x86.Build.0 = Release|Win32
		{07C69016-5CF0-406E-9122-BF569CC5F5D2}.Debug|Any CPU.ActiveCfg = Debug|x64
		{07C69016-5CF0-406E-9122-BF569CC5F5D2}.Debug|Any CPU.Build.0 = Debug|x64
		{07C69016-5CF0-406E-9122-BF569CC5F5D2}.Debug|x64.ActiveCfg = Debug|x64
		{07C69016-5CF0-406E-9122-BF569CC5F5D2}.Debug|x64.Build.0 = Debug|x64
		{07C69016-5CF0-406E-9122-BF569CC5F5D2}.Debug|x86.ActiveCfg = Debug|Win32
		{07C69016-5CF0-406E-9122-BF569CC5F5D2}.Debug|x86.Build.0 = Debug|Win32
		{07C69016-5CF0-406E-9122-BF569CC5F5D2}.Release|Any CPU.ActiveCfg = Release|x64
		{07C69016-5CF0-406E-9122-BF569CC5F5D2}.Release|Any CPU.Build.0 = Release|x64
		{07C69016-5CF0-406E-9122-BF569CC5F5D2}.Release|x64.ActiveCfg = Release|x64
		{07C69016-5CF0-406E-9122-BF569CC5F5D2}.Release|x64.Build.0 = Release|x64
		{07C69016-5CF0-406E-9122-BF569CC5F5D2}.Release|x86.ActiveCfg = Release|Win32
		{07C69016-5CF0-406E-9122-BF569CC5F5D2}.Release|x86.Build.0 = Release|Win32
		{A9E8517F-A7B8-4EC0-B84B-F043D9D93555}.Debug|Any CPU.ActiveCfg = Debug|x64
		{A9E8517F-A7B8-4EC0-B84B-F043D9D93555}.Debug|Any CPU.Build.0 = Debug|x64
		{A9E8517F-A7B8-4EC0-B84B-F043D9D93555}.Debug|x64.ActiveCfg = Debug|x64
		{A9E8517F-A7B8-4EC0-B84B-F043D9D93555}.Debug|x64.Build.0 = Debug|x64
		{A9E8517F-A7B8-4EC0-B84B-F043D9D93555}.Debug|x86.ActiveCfg = Debug|Win32
		{A9E8517F-A7B8-4EC0-B84B-F043D9D93555}.Debug|x86.Build.0 = Debug|Win32
		{A9E8517F-A7B8-4EC0-B84B-F043D9D93555}.Release|Any CPU.ActiveCfg = Release|x64
		{A9E8517F-A7B8-4EC0-B84B-F043D9D93555}.Release|Any CPU.Build.0 = Release|x64
		{A9E8517F-A7B8-4EC0-B84B-F043D9D93555}.Release|x64.ActiveCfg = Release|x64
		{A9E8517F-A7B8-4EC0-B84B-F043D9D93555}.Release|x64.Build.0 = Release|x64
		{A9E8517F-A7B8-4EC0-B84B-F043D9D93555}.Release|x86.ActiveCfg = Release|Win32
		{A9E8517F-A7B8-4EC0-B84B-F043D9D93555}.Release|x86.Build.0 = Release|Win32
		{B75955EE-F633-4BF4-8316-ADC607962272}.Debug|Any CPU.ActiveCfg = Debug|x64
		{B75955EE-F633-4BF4-8316-ADC607962272}.Debug|Any CPU.Build.0 = Debug|x64
		{B75955EE-F633-4BF4-8316-ADC607962272}.Debug|x64.ActiveCfg = Debug|x64
		{B75955EE-F633-4BF4-8316-ADC607962272}.Debug|x64.Build.0 = Debug|x64
		{B75955EE-F633-4BF4-8316-ADC607962272}.Debug|x86.ActiveCfg = Debug|Win32
		{B75955EE-F633-4BF4-8316-ADC607962272}.Debug|x86.Build.0 = Debug|Win32
		{B75955EE-F633-4BF4-8316-ADC607962272}.Release|Any CPU.ActiveCfg = Release|x64
		{B75955EE-F633-4BF4-8316-ADC607962272}.Release|Any CPU.Build.0 = Release|x64
		{B75955EE-F633-4BF4-8316-ADC607962272}.Release|x64.ActiveCfg = Release|x64
		{B75955EE-F633-4BF4-8316-ADC607962272}.Release|x64.Build.0 = Release|x64
		{B75955EE-F633-4BF4-8316-ADC607962272}.Release|x86.ActiveCfg = Release|Win32
		{B75955EE-F633-4BF4-8316-ADC607962272}.Release|x86.Build.0 = Release|Win32
		{74E566C7-4B6E-4860-94AA-D1E2636AE121}.Debug|Any CPU.ActiveCfg = Debug|x64
		{74E566C7-4B6E-4860-94AA-D1E2636AE121}.Debug|Any CPU.Build.0 = Debug|x64
		{74E566C7-4B6E-4860-94AA-D1E2636AE121}.Debug|x64.ActiveCfg = Debug|x64
		{74E566C7-4B6E-4860-94AA-D1E2636AE121}.Debug|x64.Build.0 = Debug|x64
		{74E566C7-4B6E-4860-94AA-D1E2636AE121}.Debug|x86.ActiveCfg = Debug|Win32
		{74E566C7-4B6E-4860-94AA-D1E2636AE121}.Debug|x86.Build.0 = Debug|Win32
		{74E566C7-4B6E-4860-94AA-D1E2636AE121}.Release|Any CPU.ActiveCfg = Release|x64
		{74E566C7-4B6E-4860-94AA-D1E2636AE121}.Release|Any CPU.Build.0 = Release|x64
		{74E566C7-4B6E-4860-94AA-D1E2636AE121}.Release|x64.ActiveCfg = Release|x64
		{74E566C7-4B6E-4860-94AA-D1E2636AE121}.Release|x64.Build.0 = Release|x64
		{74E566C7-4B6E-4860-94AA-D1E2636AE121}.Release|x86.ActiveCfg = Release|Win32
		{74E566C7-4B6E-4860-94AA-D1E2636AE121}.Release|x86.Build.0 = Release|Win32
		{7C6F8C3D-E4B0-45E8-84B3-CA5C42AE4A32}.Debug|Any CPU.ActiveCfg = Debug|x64
		{7C6F8C3D-E4B0-45E8-84B3-CA5C42AE4A32}.Debug|Any CPU.Build.0 = Debug|x64
		{7C6F8C3D-E4B0-45E8-84B3-CA5C42AE4A32}.Debug|x64.ActiveCfg = Debug|x64
		{7C6F8C3D-E4B0-45E8-84B3-CA5C42AE4A32}.Debug|x64.Build.0 = Debug|x64
		{7C6F8C3D-E4B0-45E8-84B3-CA5C42AE4A32}.Debug|x86.ActiveCfg = Debug|Win32
		{7C6F8C3D-E4B0-45E8-84B3-CA5C42AE4A32}.Debug|x86.Build.0 = Debug|Win32
		{7C6F8C3D-E4B0-45E8-84B3-CA5C42AE4A32}.Release|Any CPU.ActiveCfg = Release|x64
		{7C6F8C3D-E4B0-45E8-84B3-CA5C42AE4A32}.Release|Any CPU.Build.0 = Release|x64
		{7C6F8C3D-E4B0-45E8-84B3-CA5C42AE4A32}.Release|x64.ActiveCfg = Release|x64
		{7C6F8C3D-E4B0-45E8-84B3-CA5C42AE4A32}.Release|x64.Build.0 = Release|x64
		{7C6F8C3D-E4B0-45E8-84B3-CA5C42AE4A32}.Release|x86.ActiveCfg = Release|Win32
		{7C6F8C3D-E4B0-45E8-84B3-CA5C42AE4A32}.Release|x86.Build.0 = Release|Win32
		{7A16C5E5-BAB4-46E6-B2A7-53633C5F9AF9}.Debug|Any CPU.ActiveCfg = Debug|x64
		{7A16C5E5-BAB4-46E6-B2A7-53633C5F9AF9}.Debug|Any CPU.Build.0 = Debug|x64
		{7A16C5E5-BAB4-46E6-B2A7-53633C5F9AF9}.Debug|x64.ActiveCfg = Debug|x64
		{7A16C5E5-BAB4-46E6-B2A7-53633C5F9AF9}.Debug|x64.Build.0 = Debug|x64
		{7A16C5E5-BAB4-46E6-B2A7-53633C5F9AF9}.Debug|x86.ActiveCfg = Debug|Win32
		{7A16C5E5-BAB4-46E6-B2A7-53633C5F9AF9}.Debug|x86.Build.0 = Debug|Win32
		{7A16C5E5-BAB4-46E6-B2A7-53633C5F9AF9}.Release|Any CPU.ActiveCfg = Release|x64
		{7A16C5E5-BAB4-46E6-B2A7-53633C5F9AF9}.Release|Any CPU.Build.0 = Release|x64
		{7A16C5E5-BAB4-46E6-B2A7-53633C5F9AF9}.Release|x64.ActiveCfg = Release|x64
		{7A16C5E5-BAB4-46E6-B2A7-53633C5F9AF9}.Release|x64.Build.0 = Release|x64
		{7A16C5E5-BAB4-46E6-B2A7-53633C5F9AF9}.Release|x86.ActiveCfg = Release|Win32
		{7A16C5E5-BAB4-46E6-B2A7-53633C5F9AF9}.Release|x86.Build.0 = Release|Win32
	EndGlobalSection
	GlobalSection(SolutionProperties) = preSolution
		HideSolutionNode = FALSE
	EndGlobalSection
	GlobalSection(ExtensibilityGlobals) = postSolution
		SolutionGuid = {13DE33C0-EAFF-4C7E-A44C-EB452DB04CC0}
	EndGlobalSection
EndGlobal
